
Microsoft Visual Studio Solution File, Format Version 12.00
# Visual Studio Version 17
VisualStudioVersion = 17.5.002.0
MinimumVisualStudioVersion = 10.0.40219.1
Project("{9A19103F-16F7-4668-BE54-9A1E7A4F7556}") = "BlazorApp", "BlazorApp.csproj", "{58560A9B-F58D-41B4-822E-61BABA7DDFBA}"
EndProject
Global
	GlobalSection(SolutionConfigurationPlatforms) = preSolution
		Debug|Any CPU = Debug|Any CPU
		Release|Any CPU = Release|Any CPU
	EndGlobalSection
	GlobalSection(ProjectConfigurationPlatforms) = postSolution
		{58560A9B-F58D-41B4-822E-61BABA7DDFBA}.Debug|Any CPU.ActiveCfg = Debug|Any CPU
		{58560A9B-F58D-41B4-822E-61BABA7DDFBA}.Debug|Any CPU.Build.0 = Debug|Any CPU
		{58560A9B-F58D-41B4-822E-61BABA7DDFBA}.Release|Any CPU.ActiveCfg = Release|Any CPU
		{58560A9B-F58D-41B4-822E-61BABA7DDFBA}.Release|Any CPU.Build.0 = Release|Any CPU
	EndGlobalSection
	GlobalSection(SolutionProperties) = preSolution
		HideSolutionNode = FALSE
	EndGlobalSection
	GlobalSection(ExtensibilityGlobals) = postSolution
		SolutionGuid = {5FC17350-6306-4D62-99F5-5D492432DDFE}
	EndGlobalSection
EndGlobal
